
Microsoft Visual Studio Solution File, Format Version 12.00
# Visual Studio 15
VisualStudioVersion = 15.0.26730.3
MinimumVisualStudioVersion = 10.0.40219.1
Project("{888888A0-9F3D-457C-B088-3A5042F75D52}") = "ForestMonitoringSystem", "ForestMonitoringSystem.pyproj", "{5FF3EE6A-ACED-4040-882D-3FD1262F409D}"
EndProject
Global
	GlobalSection(SolutionConfigurationPlatforms) = preSolution
		Debug|Any CPU = Debug|Any CPU
		Release|Any CPU = Release|Any CPU
	EndGlobalSection
	GlobalSection(ProjectConfigurationPlatforms) = postSolution
		{5FF3EE6A-ACED-4040-882D-3FD1262F409D}.Debug|Any CPU.ActiveCfg = Debug|Any CPU
		{5FF3EE6A-ACED-4040-882D-3FD1262F409D}.Release|Any CPU.ActiveCfg = Release|Any CPU
	EndGlobalSection
	GlobalSection(SolutionProperties) = preSolution
		HideSolutionNode = FALSE
	EndGlobalSection
	GlobalSection(ExtensibilityGlobals) = postSolution
		SolutionGuid = {0993A1B9-E370-486F-A56E-7C9EA824D51F}
	EndGlobalSection
EndGlobal
